
Microsoft Visual Studio Solution File, Format Version 12.00
# Visual Studio Version 16
VisualStudioVersion = 16.0.30804.86
MinimumVisualStudioVersion = 10.0.40219.1
Project("{FAE04EC0-301F-11D3-BF4B-00C04F79EFBC}") = "suyi_tool", "suyi_tool\suyi_tool.csproj", "{77729CB4-046D-4580-B7F1-6E8A883561CA}"
EndProject
Global
	GlobalSection(SolutionConfigurationPlatforms) = preSolution
		Debug|Any CPU = Debug|Any CPU
		Release|Any CPU = Release|Any CPU
	EndGlobalSection
	GlobalSection(ProjectConfigurationPlatforms) = postSolution
		{77729CB4-046D-4580-B7F1-6E8A883561CA}.Debug|Any CPU.ActiveCfg = Debug|Any CPU
		{77729CB4-046D-4580-B7F1-6E8A883561CA}.Debug|Any CPU.Build.0 = Debug|Any CPU
		{77729CB4-046D-4580-B7F1-6E8A883561CA}.Release|Any CPU.ActiveCfg = Release|Any CPU
		{77729CB4-046D-4580-B7F1-6E8A883561CA}.Release|Any CPU.Build.0 = Release|Any CPU
	EndGlobalSection
	GlobalSection(SolutionProperties) = preSolution
		HideSolutionNode = FALSE
	EndGlobalSection
	GlobalSection(ExtensibilityGlobals) = postSolution
		SolutionGuid = {902FEED9-BC63-4DA7-8A28-1FCED9ED9953}
	EndGlobalSection
EndGlobal
